// !$*UTF8*$!
{
	archiveVersion = 1;
	classes = {
	};
	objectVersion = 46;
	objects = {

/* Begin PBXBuildFile section */
		229099C21713216B00B62419 /* main.cpp in Sources */ = {isa = PBXBuildFile; fileRef = 229099C11713216B00B62419 /* main.cpp */; };
		229099C41713216B00B62419 /* Trivuja.1 in CopyFiles */ = {isa = PBXBuildFile; fileRef = 229099C31713216B00B62419 /* Trivuja.1 */; };
		229099CB1713219D00B62419 /* SDL.framework in Frameworks */ = {isa = PBXBuildFile; fileRef = 229099CA1713219D00B62419 /* SDL.framework */; };
		229099CE1713227500B62419 /* SDLMain.m in Sources */ = {isa = PBXBuildFile; fileRef = 229099CD171321DF00B62419 /* SDLMain.m */; };
		229099D0171322A800B62419 /* Foundation.framework in Frameworks */ = {isa = PBXBuildFile; fileRef = 229099CF171322A800B62419 /* Foundation.framework */; };
		229099D2171322B400B62419 /* Cocoa.framework in Frameworks */ = {isa = PBXBuildFile; fileRef = 229099D1171322B400B62419 /* Cocoa.framework */; };
		229099D517132C1300B62419 /* CSprite.cpp in Sources */ = {isa = PBXBuildFile; fileRef = 229099D317132C1300B62419 /* CSprite.cpp */; };
		229099DA171C60E500B62419 /* Engine.cpp in Sources */ = {isa = PBXBuildFile; fileRef = 229099D9171C60E500B62419 /* Engine.cpp */; };
/* End PBXBuildFile section */

/* Begin PBXCopyFilesBuildPhase section */
		229099BC1713216B00B62419 /* CopyFiles */ = {
			isa = PBXCopyFilesBuildPhase;
			buildActionMask = 2147483647;
			dstPath = /usr/share/man/man1/;
			dstSubfolderSpec = 0;
			files = (
				229099C41713216B00B62419 /* Trivuja.1 in CopyFiles */,
			);
			runOnlyForDeploymentPostprocessing = 1;
		};
/* End PBXCopyFilesBuildPhase section */

/* Begin PBXFileReference section */
		229099BE1713216B00B62419 /* Trivuja */ = {isa = PBXFileReference; explicitFileType = "compiled.mach-o.executable"; includeInIndex = 0; path = Trivuja; sourceTree = BUILT_PRODUCTS_DIR; };
		229099C11713216B00B62419 /* main.cpp */ = {isa = PBXFileReference; explicitFileType = sourcecode.cpp.objcpp; path = main.cpp; sourceTree = "<group>"; };
		229099C31713216B00B62419 /* Trivuja.1 */ = {isa = PBXFileReference; lastKnownFileType = text.man; path = Trivuja.1; sourceTree = "<group>"; };
		229099CA1713219D00B62419 /* SDL.framework */ = {isa = PBXFileReference; lastKnownFileType = wrapper.framework; path = SDL.framework; sourceTree = "<group>"; };
		229099CC171321DF00B62419 /* SDLMain.h */ = {isa = PBXFileReference; lastKnownFileType = sourcecode.c.h; path = SDLMain.h; sourceTree = "<group>"; };
		229099CD171321DF00B62419 /* SDLMain.m */ = {isa = PBXFileReference; lastKnownFileType = sourcecode.c.objc; path = SDLMain.m; sourceTree = "<group>"; };
		229099CF171322A800B62419 /* Foundation.framework */ = {isa = PBXFileReference; lastKnownFileType = wrapper.framework; name = Foundation.framework; path = System/Library/Frameworks/Foundation.framework; sourceTree = SDKROOT; };
		229099D1171322B400B62419 /* Cocoa.framework */ = {isa = PBXFileReference; lastKnownFileType = wrapper.framework; name = Cocoa.framework; path = System/Library/Frameworks/Cocoa.framework; sourceTree = SDKROOT; };
		229099D317132C1300B62419 /* CSprite.cpp */ = {isa = PBXFileReference; fileEncoding = 4; lastKnownFileType = sourcecode.cpp.cpp; path = CSprite.cpp; sourceTree = "<group>"; };
		229099D417132C1300B62419 /* CSprite.h */ = {isa = PBXFileReference; fileEncoding = 4; lastKnownFileType = sourcecode.c.h; path = CSprite.h; sourceTree = "<group>"; };
		229099D6171C57D300B62419 /* Board.h */ = {isa = PBXFileReference; lastKnownFileType = sourcecode.c.h; path = Board.h; sourceTree = "<group>"; };
		229099D7171C581100B62419 /* Casilla.h */ = {isa = PBXFileReference; lastKnownFileType = sourcecode.c.h; path = Casilla.h; sourceTree = "<group>"; };
		229099D8171C5FCF00B62419 /* Engine.h */ = {isa = PBXFileReference; lastKnownFileType = sourcecode.c.h; path = Engine.h; sourceTree = "<group>"; };
		229099D9171C60E500B62419 /* Engine.cpp */ = {isa = PBXFileReference; fileEncoding = 4; lastKnownFileType = sourcecode.cpp.cpp; path = Engine.cpp; sourceTree = "<group>"; };
/* End PBXFileReference section */

/* Begin PBXFrameworksBuildPhase section */
		229099BB1713216B00B62419 /* Frameworks */ = {
			isa = PBXFrameworksBuildPhase;
			buildActionMask = 2147483647;
			files = (
				229099D2171322B400B62419 /* Cocoa.framework in Frameworks */,
				229099D0171322A800B62419 /* Foundation.framework in Frameworks */,
				229099CB1713219D00B62419 /* SDL.framework in Frameworks */,
			);
			runOnlyForDeploymentPostprocessing = 0;
		};
/* End PBXFrameworksBuildPhase section */

/* Begin PBXGroup section */
		229099B51713216B00B62419 = {
			isa = PBXGroup;
			children = (
				229099D1171322B400B62419 /* Cocoa.framework */,
				229099CF171322A800B62419 /* Foundation.framework */,
				229099CC171321DF00B62419 /* SDLMain.h */,
				229099CD171321DF00B62419 /* SDLMain.m */,
				229099C01713216B00B62419 /* Trivuja */,
				229099BF1713216B00B62419 /* Products */,
				229099CA1713219D00B62419 /* SDL.framework */,
			);
			sourceTree = "<group>";
		};
		229099BF1713216B00B62419 /* Products */ = {
			isa = PBXGroup;
			children = (
				229099BE1713216B00B62419 /* Trivuja */,
			);
			name = Products;
			sourceTree = "<group>";
		};
		229099C01713216B00B62419 /* Trivuja */ = {
			isa = PBXGroup;
			children = (
				229099C11713216B00B62419 /* main.cpp */,
				229099C31713216B00B62419 /* Trivuja.1 */,
				229099D317132C1300B62419 /* CSprite.cpp */,
				229099D417132C1300B62419 /* CSprite.h */,
				229099D6171C57D300B62419 /* Board.h */,
				229099D7171C581100B62419 /* Casilla.h */,
				229099D8171C5FCF00B62419 /* Engine.h */,
				229099D9171C60E500B62419 /* Engine.cpp */,
			);
			path = Trivuja;
			sourceTree = "<group>";
		};
/* End PBXGroup section */

/* Begin PBXNativeTarget section */
		229099BD1713216B00B62419 /* Trivuja */ = {
			isa = PBXNativeTarget;
			buildConfigurationList = 229099C71713216B00B62419 /* Build configuration list for PBXNativeTarget "Trivuja" */;
			buildPhases = (
				229099BA1713216B00B62419 /* Sources */,
				229099BB1713216B00B62419 /* Frameworks */,
				229099BC1713216B00B62419 /* CopyFiles */,
			);
			buildRules = (
			);
			dependencies = (
			);
			name = Trivuja;
			productName = Trivuja;
			productReference = 229099BE1713216B00B62419 /* Trivuja */;
			productType = "com.apple.product-type.tool";
		};
/* End PBXNativeTarget section */

/* Begin PBXProject section */
		229099B61713216B00B62419 /* Project object */ = {
			isa = PBXProject;
			attributes = {
				LastUpgradeCheck = 0460;
				ORGANIZATIONNAME = "Francisco López Liébana";
			};
			buildConfigurationList = 229099B91713216B00B62419 /* Build configuration list for PBXProject "Trivuja" */;
			compatibilityVersion = "Xcode 3.2";
			developmentRegion = English;
			hasScannedForEncodings = 0;
			knownRegions = (
				en,
			);
			mainGroup = 229099B51713216B00B62419;
			productRefGroup = 229099BF1713216B00B62419 /* Products */;
			projectDirPath = "";
			projectRoot = "";
			targets = (
				229099BD1713216B00B62419 /* Trivuja */,
			);
		};
/* End PBXProject section */

/* Begin PBXSourcesBuildPhase section */
		229099BA1713216B00B62419 /* Sources */ = {
			isa = PBXSourcesBuildPhase;
			buildActionMask = 2147483647;
			files = (
				229099CE1713227500B62419 /* SDLMain.m in Sources */,
				229099C21713216B00B62419 /* main.cpp in Sources */,
				229099D517132C1300B62419 /* CSprite.cpp in Sources */,
				229099DA171C60E500B62419 /* Engine.cpp in Sources */,
			);
			runOnlyForDeploymentPostprocessing = 0;
		};
/* End PBXSourcesBuildPhase section */

/* Begin XCBuildConfiguration section */
		229099C51713216B00B62419 /* Debug */ = {
			isa = XCBuildConfiguration;
			buildSettings = {
				ALWAYS_SEARCH_USER_PATHS = NO;
				ARCHS = "$(ARCHS_STANDARD_64_BIT)";
				CLANG_CXX_LANGUAGE_STANDARD = "gnu++0x";
				CLANG_CXX_LIBRARY = "libc++";
				CLANG_WARN_CONSTANT_CONVERSION = YES;
				CLANG_WARN_EMPTY_BODY = YES;
				CLANG_WARN_ENUM_CONVERSION = YES;
				CLANG_WARN_INT_CONVERSION = YES;
				CLANG_WARN__DUPLICATE_METHOD_MATCH = YES;
				COPY_PHASE_STRIP = NO;
				GCC_C_LANGUAGE_STANDARD = gnu99;
				GCC_DYNAMIC_NO_PIC = NO;
				GCC_ENABLE_OBJC_EXCEPTIONS = YES;
				GCC_OPTIMIZATION_LEVEL = 0;
				GCC_PREPROCESSOR_DEFINITIONS = (
					"DEBUG=1",
					"$(inherited)",
				);
				GCC_SYMBOLS_PRIVATE_EXTERN = NO;
				GCC_WARN_64_TO_32_BIT_CONVERSION = YES;
				GCC_WARN_ABOUT_RETURN_TYPE = YES;
				GCC_WARN_UNINITIALIZED_AUTOS = YES;
				GCC_WARN_UNUSED_VARIABLE = YES;
				MACOSX_DEPLOYMENT_TARGET = 10.8;
				ONLY_ACTIVE_ARCH = YES;
				SDKROOT = macosx;
			};
			name = Debug;
		};
		229099C61713216B00B62419 /* Release */ = {
			isa = XCBuildConfiguration;
			buildSettings = {
				ALWAYS_SEARCH_USER_PATHS = NO;
				ARCHS = "$(ARCHS_STANDARD_64_BIT)";
				CLANG_CXX_LANGUAGE_STANDARD = "gnu++0x";
				CLANG_CXX_LIBRARY = "libc++";
				CLANG_WARN_CONSTANT_CONVERSION = YES;
				CLANG_WARN_EMPTY_BODY = YES;
				CLANG_WARN_ENUM_CONVERSION = YES;
				CLANG_WARN_INT_CONVERSION = YES;
				CLANG_WARN__DUPLICATE_METHOD_MATCH = YES;
				COPY_PHASE_STRIP = YES;
				DEBUG_INFORMATION_FORMAT = "dwarf-with-dsym";
				GCC_C_LANGUAGE_STANDARD = gnu99;
				GCC_ENABLE_OBJC_EXCEPTIONS = YES;
				GCC_WARN_64_TO_32_BIT_CONVERSION = YES;
				GCC_WARN_ABOUT_RETURN_TYPE = YES;
				GCC_WARN_UNINITIALIZED_AUTOS = YES;
				GCC_WARN_UNUSED_VARIABLE = YES;
				MACOSX_DEPLOYMENT_TARGET = 10.8;
				SDKROOT = macosx;
			};
			name = Release;
		};
		229099C81713216B00B62419 /* Debug */ = {
			isa = XCBuildConfiguration;
			buildSettings = {
				FRAMEWORK_SEARCH_PATHS = (
					"$(inherited)",
					"\"$(SRCROOT)\"",
				);
				PRODUCT_NAME = "$(TARGET_NAME)";
			};
			name = Debug;
		};
		229099C91713216B00B62419 /* Release */ = {
			isa = XCBuildConfiguration;
			buildSettings = {
				FRAMEWORK_SEARCH_PATHS = (
					"$(inherited)",
					"\"$(SRCROOT)\"",
				);
				PRODUCT_NAME = "$(TARGET_NAME)";
			};
			name = Release;
		};
/* End XCBuildConfiguration section */

/* Begin XCConfigurationList section */
		229099B91713216B00B62419 /* Build configuration list for PBXProject "Trivuja" */ = {
			isa = XCConfigurationList;
			buildConfigurations = (
				229099C51713216B00B62419 /* Debug */,
				229099C61713216B00B62419 /* Release */,
			);
			defaultConfigurationIsVisible = 0;
			defaultConfigurationName = Release;
		};
		229099C71713216B00B62419 /* Build configuration list for PBXNativeTarget "Trivuja" */ = {
			isa = XCConfigurationList;
			buildConfigurations = (
				229099C81713216B00B62419 /* Debug */,
				229099C91713216B00B62419 /* Release */,
			);
			defaultConfigurationIsVisible = 0;
		};
/* End XCConfigurationList section */
	};
	rootObject = 229099B61713216B00B62419 /* Project object */;
}
